
Microsoft Visual Studio Solution File, Format Version 12.00
Project("{FAE04EC0-301F-11D3-BF4B-00C04F79EFBC}") = "RiderXamlRepros", "RiderXamlRepros.csproj", "{4CE40C96-50F3-4F9C-8228-EEC42B24B46C}"
EndProject
Global
	GlobalSection(SolutionConfigurationPlatforms) = preSolution
		Debug|Any CPU = Debug|Any CPU
		Release|Any CPU = Release|Any CPU
	EndGlobalSection
	GlobalSection(ProjectConfigurationPlatforms) = postSolution
		{4CE40C96-50F3-4F9C-8228-EEC42B24B46C}.Debug|Any CPU.ActiveCfg = Debug|Any CPU
		{4CE40C96-50F3-4F9C-8228-EEC42B24B46C}.Debug|Any CPU.Build.0 = Debug|Any CPU
		{4CE40C96-50F3-4F9C-8228-EEC42B24B46C}.Release|Any CPU.ActiveCfg = Release|Any CPU
		{4CE40C96-50F3-4F9C-8228-EEC42B24B46C}.Release|Any CPU.Build.0 = Release|Any CPU
	EndGlobalSection
EndGlobal
